
Microsoft Visual Studio Solution File, Format Version 12.00
# Visual Studio Version 17
VisualStudioVersion = 17.5.002.0
MinimumVisualStudioVersion = 10.0.40219.1
Project("{2150E333-8FDC-42A3-9474-1A3956D46DE8}") = "csharp-prep", "csharp-prep", "{ABAE2B89-5AB2-40AB-ADAE-A1897EF1C2FD}"
EndProject
Project("{9A19103F-16F7-4668-BE54-9A1E7A4F7556}") = "Prep1", "csharp-prep\Prep1\Prep1.csproj", "{B6980F18-6D69-42AC-9C4C-D0ECA7993C98}"
EndProject
Project("{9A19103F-16F7-4668-BE54-9A1E7A4F7556}") = "Prep2", "csharp-prep\Prep2\Prep2.csproj", "{EF6E0E3A-1F30-4CDC-9310-3EC120617F69}"
EndProject
Project("{9A19103F-16F7-4668-BE54-9A1E7A4F7556}") = "Prep3", "csharp-prep\Prep3\Prep3.csproj", "{8754AF33-CC8A-4C00-BD22-7F0DE39CDE2D}"
EndProject
Project("{9A19103F-16F7-4668-BE54-9A1E7A4F7556}") = "Prep4", "csharp-prep\Prep4\Prep4.csproj", "{D9F4F25F-3E60-494E-9523-352FDBF7CE19}"
EndProject
Project("{9A19103F-16F7-4668-BE54-9A1E7A4F7556}") = "Prep5", "csharp-prep\Prep5\Prep5.csproj", "{00F92555-4826-4144-8D7F-0572086532B5}"
EndProject
Project("{2150E333-8FDC-42A3-9474-1A3956D46DE8}") = "final", "final", "{F639B05A-A657-41B9-AB7B-DBF4AA365BEE}"
EndProject
Project("{9A19103F-16F7-4668-BE54-9A1E7A4F7556}") = "FinalProject", "final\FinalProject\FinalProject.csproj", "{E71A3E60-290C-49DA-B3E7-95147483338F}"
EndProject
Project("{9A19103F-16F7-4668-BE54-9A1E7A4F7556}") = "Foundation1", "final\Foundation1\Foundation1.csproj", "{62B459AC-64B1-43B1-9926-4C47D933D843}"
EndProject
Project("{9A19103F-16F7-4668-BE54-9A1E7A4F7556}") = "Foundation2", "final\Foundation2\Foundation2.csproj", "{4D104F16-00CA-49B8-86AF-B058ED0C2D01}"
EndProject
Project("{9A19103F-16F7-4668-BE54-9A1E7A4F7556}") = "Foundation3", "final\Foundation3\Foundation3.csproj", "{14AE6139-CD05-4707-81AF-1CF1051B0DCB}"
EndProject
Project("{9A19103F-16F7-4668-BE54-9A1E7A4F7556}") = "Foundation4", "final\Foundation4\Foundation4.csproj", "{C0F2B05B-A10C-4EA5-B10A-A4A056D8FB41}"
EndProject
Project("{2150E333-8FDC-42A3-9474-1A3956D46DE8}") = "prepare", "prepare", "{51D6FCCD-632E-4D18-948A-4B3069F43BBF}"
EndProject
Project("{9A19103F-16F7-4668-BE54-9A1E7A4F7556}") = "Learning02", "prepare\Learning02\Learning02.csproj", "{08079BA8-7DB5-4917-A9EF-6AB0BBCD3309}"
EndProject
Project("{9A19103F-16F7-4668-BE54-9A1E7A4F7556}") = "Learning03", "prepare\Learning03\Learning03.csproj", "{5D7B2492-D74A-4A4A-B5B1-764B77CDB85E}"
EndProject
Project("{9A19103F-16F7-4668-BE54-9A1E7A4F7556}") = "Learning04", "prepare\Learning04\Learning04.csproj", "{A197B12F-F586-4D87-BC6A-9A8EF21F36FF}"
EndProject
Project("{9A19103F-16F7-4668-BE54-9A1E7A4F7556}") = "Learning05", "prepare\Learning05\Learning05.csproj", "{4208EFA4-9850-4009-A977-34D9DF86F698}"
EndProject
Project("{2150E333-8FDC-42A3-9474-1A3956D46DE8}") = "prove", "prove", "{DA328E82-6F34-411F-95CA-9CA57FE2BA7D}"
EndProject
Project("{9A19103F-16F7-4668-BE54-9A1E7A4F7556}") = "Develop02", "prove\Develop02\Develop02.csproj", "{87A34F24-BC6A-4BB0-BF94-120A7A6C4730}"
EndProject
Project("{9A19103F-16F7-4668-BE54-9A1E7A4F7556}") = "Develop03", "prove\Develop03\Develop03.csproj", "{7F73A4E0-14DC-4F5C-BFFF-CF9728DE58A4}"
EndProject
Project("{9A19103F-16F7-4668-BE54-9A1E7A4F7556}") = "Develop04", "prove\Develop04\Develop04.csproj", "{123D4B77-671D-40D3-A8A7-DB6C5A2371ED}"
EndProject
Project("{9A19103F-16F7-4668-BE54-9A1E7A4F7556}") = "Develop05", "prove\Develop05\Develop05.csproj", "{F23C9290-F505-474D-86D3-EF0754A2263D}"
EndProject
Project("{2150E333-8FDC-42A3-9474-1A3956D46DE8}") = "sandbox", "sandbox", "{331C9460-3FAA-4343-BC71-7AF425597E7A}"
EndProject
Project("{9A19103F-16F7-4668-BE54-9A1E7A4F7556}") = "Sandbox", "sandbox\Sandbox\Sandbox.csproj", "{B82D1ACD-0286-4C99-94CF-9DFEF4E53926}"
EndProject
Global
	GlobalSection(SolutionConfigurationPlatforms) = preSolution
		Debug|Any CPU = Debug|Any CPU
		Release|Any CPU = Release|Any CPU
	EndGlobalSection
	GlobalSection(ProjectConfigurationPlatforms) = postSolution
		{B6980F18-6D69-42AC-9C4C-D0ECA7993C98}.Debug|Any CPU.ActiveCfg = Debug|Any CPU
		{B6980F18-6D69-42AC-9C4C-D0ECA7993C98}.Debug|Any CPU.Build.0 = Debug|Any CPU
		{B6980F18-6D69-42AC-9C4C-D0ECA7993C98}.Release|Any CPU.ActiveCfg = Release|Any CPU
		{B6980F18-6D69-42AC-9C4C-D0ECA7993C98}.Release|Any CPU.Build.0 = Release|Any CPU
		{EF6E0E3A-1F30-4CDC-9310-3EC120617F69}.Debug|Any CPU.ActiveCfg = Debug|Any CPU
		{EF6E0E3A-1F30-4CDC-9310-3EC120617F69}.Debug|Any CPU.Build.0 = Debug|Any CPU
		{EF6E0E3A-1F30-4CDC-9310-3EC120617F69}.Release|Any CPU.ActiveCfg = Release|Any CPU
		{EF6E0E3A-1F30-4CDC-9310-3EC120617F69}.Release|Any CPU.Build.0 = Release|Any CPU
		{8754AF33-CC8A-4C00-BD22-7F0DE39CDE2D}.Debug|Any CPU.ActiveCfg = Debug|Any CPU
		{8754AF33-CC8A-4C00-BD22-7F0DE39CDE2D}.Debug|Any CPU.Build.0 = Debug|Any CPU
		{8754AF33-CC8A-4C00-BD22-7F0DE39CDE2D}.Release|Any CPU.ActiveCfg = Release|Any CPU
		{8754AF33-CC8A-4C00-BD22-7F0DE39CDE2D}.Release|Any CPU.Build.0 = Release|Any CPU
		{D9F4F25F-3E60-494E-9523-352FDBF7CE19}.Debug|Any CPU.ActiveCfg = Debug|Any CPU
		{D9F4F25F-3E60-494E-9523-352FDBF7CE19}.Debug|Any CPU.Build.0 = Debug|Any CPU
		{D9F4F25F-3E60-494E-9523-352FDBF7CE19}.Release|Any CPU.ActiveCfg = Release|Any CPU
		{D9F4F25F-3E60-494E-9523-352FDBF7CE19}.Release|Any CPU.Build.0 = Release|Any CPU
		{00F92555-4826-4144-8D7F-0572086532B5}.Debug|Any CPU.ActiveCfg = Debug|Any CPU
		{00F92555-4826-4144-8D7F-0572086532B5}.Debug|Any CPU.Build.0 = Debug|Any CPU
		{00F92555-4826-4144-8D7F-0572086532B5}.Release|Any CPU.ActiveCfg = Release|Any CPU
		{00F92555-4826-4144-8D7F-0572086532B5}.Release|Any CPU.Build.0 = Release|Any CPU
		{E71A3E60-290C-49DA-B3E7-95147483338F}.Debug|Any CPU.ActiveCfg = Debug|Any CPU
		{E71A3E60-290C-49DA-B3E7-95147483338F}.Debug|Any CPU.Build.0 = Debug|Any CPU
		{E71A3E60-290C-49DA-B3E7-95147483338F}.Release|Any CPU.ActiveCfg = Release|Any CPU
		{E71A3E60-290C-49DA-B3E7-95147483338F}.Release|Any CPU.Build.0 = Release|Any CPU
		{62B459AC-64B1-43B1-9926-4C47D933D843}.Debug|Any CPU.ActiveCfg = Debug|Any CPU
		{62B459AC-64B1-43B1-9926-4C47D933D843}.Debug|Any CPU.Build.0 = Debug|Any CPU
		{62B459AC-64B1-43B1-9926-4C47D933D843}.Release|Any CPU.ActiveCfg = Release|Any CPU
		{62B459AC-64B1-43B1-9926-4C47D933D843}.Release|Any CPU.Build.0 = Release|Any CPU
		{4D104F16-00CA-49B8-86AF-B058ED0C2D01}.Debug|Any CPU.ActiveCfg = Debug|Any CPU
		{4D104F16-00CA-49B8-86AF-B058ED0C2D01}.Debug|Any CPU.Build.0 = Debug|Any CPU
		{4D104F16-00CA-49B8-86AF-B058ED0C2D01}.Release|Any CPU.ActiveCfg = Release|Any CPU
		{4D104F16-00CA-49B8-86AF-B058ED0C2D01}.Release|Any CPU.Build.0 = Release|Any CPU
		{14AE6139-CD05-4707-81AF-1CF1051B0DCB}.Debug|Any CPU.ActiveCfg = Debug|Any CPU
		{14AE6139-CD05-4707-81AF-1CF1051B0DCB}.Debug|Any CPU.Build.0 = Debug|Any CPU
		{14AE6139-CD05-4707-81AF-1CF1051B0DCB}.Release|Any CPU.ActiveCfg = Release|Any CPU
		{14AE6139-CD05-4707-81AF-1CF1051B0DCB}.Release|Any CPU.Build.0 = Release|Any CPU
		{C0F2B05B-A10C-4EA5-B10A-A4A056D8FB41}.Debug|Any CPU.ActiveCfg = Debug|Any CPU
		{C0F2B05B-A10C-4EA5-B10A-A4A056D8FB41}.Debug|Any CPU.Build.0 = Debug|Any CPU
		{C0F2B05B-A10C-4EA5-B10A-A4A056D8FB41}.Release|Any CPU.ActiveCfg = Release|Any CPU
		{C0F2B05B-A10C-4EA5-B10A-A4A056D8FB41}.Release|Any CPU.Build.0 = Release|Any CPU
		{08079BA8-7DB5-4917-A9EF-6AB0BBCD3309}.Debug|Any CPU.ActiveCfg = Debug|Any CPU
		{08079BA8-7DB5-4917-A9EF-6AB0BBCD3309}.Debug|Any CPU.Build.0 = Debug|Any CPU
		{08079BA8-7DB5-4917-A9EF-6AB0BBCD3309}.Release|Any CPU.ActiveCfg = Release|Any CPU
		{08079BA8-7DB5-4917-A9EF-6AB0BBCD3309}.Release|Any CPU.Build.0 = Release|Any CPU
		{5D7B2492-D74A-4A4A-B5B1-764B77CDB85E}.Debug|Any CPU.ActiveCfg = Debug|Any CPU
		{5D7B2492-D74A-4A4A-B5B1-764B77CDB85E}.Debug|Any CPU.Build.0 = Debug|Any CPU
		{5D7B2492-D74A-4A4A-B5B1-764B77CDB85E}.Release|Any CPU.ActiveCfg = Release|Any CPU
		{5D7B2492-D74A-4A4A-B5B1-764B77CDB85E}.Release|Any CPU.Build.0 = Release|Any CPU
		{A197B12F-F586-4D87-BC6A-9A8EF21F36FF}.Debug|Any CPU.ActiveCfg = Debug|Any CPU
		{A197B12F-F586-4D87-BC6A-9A8EF21F36FF}.Debug|Any CPU.Build.0 = Debug|Any CPU
		{A197B12F-F586-4D87-BC6A-9A8EF21F36FF}.Release|Any CPU.ActiveCfg = Release|Any CPU
		{A197B12F-F586-4D87-BC6A-9A8EF21F36FF}.Release|Any CPU.Build.0 = Release|Any CPU
		{4208EFA4-9850-4009-A977-34D9DF86F698}.Debug|Any CPU.ActiveCfg = Debug|Any CPU
		{4208EFA4-9850-4009-A977-34D9DF86F698}.Debug|Any CPU.Build.0 = Debug|Any CPU
		{4208EFA4-9850-4009-A977-34D9DF86F698}.Release|Any CPU.ActiveCfg = Release|Any CPU
		{4208EFA4-9850-4009-A977-34D9DF86F698}.Release|Any CPU.Build.0 = Release|Any CPU
		{87A34F24-BC6A-4BB0-BF94-120A7A6C4730}.Debug|Any CPU.ActiveCfg = Debug|Any CPU
		{87A34F24-BC6A-4BB0-BF94-120A7A6C4730}.Debug|Any CPU.Build.0 = Debug|Any CPU
		{87A34F24-BC6A-4BB0-BF94-120A7A6C4730}.Release|Any CPU.ActiveCfg = Release|Any CPU
		{87A34F24-BC6A-4BB0-BF94-120A7A6C4730}.Release|Any CPU.Build.0 = Release|Any CPU
		{7F73A4E0-14DC-4F5C-BFFF-CF9728DE58A4}.Debug|Any CPU.ActiveCfg = Debug|Any CPU
		{7F73A4E0-14DC-4F5C-BFFF-CF9728DE58A4}.Debug|Any CPU.Build.0 = Debug|Any CPU
		{7F73A4E0-14DC-4F5C-BFFF-CF9728DE58A4}.Release|Any CPU.ActiveCfg = Release|Any CPU
		{7F73A4E0-14DC-4F5C-BFFF-CF9728DE58A4}.Release|Any CPU.Build.0 = Release|Any CPU
		{123D4B77-671D-40D3-A8A7-DB6C5A2371ED}.Debug|Any CPU.ActiveCfg = Debug|Any CPU
		{123D4B77-671D-40D3-A8A7-DB6C5A2371ED}.Debug|Any CPU.Build.0 = Debug|Any CPU
		{123D4B77-671D-40D3-A8A7-DB6C5A2371ED}.Release|Any CPU.ActiveCfg = Release|Any CPU
		{123D4B77-671D-40D3-A8A7-DB6C5A2371ED}.Release|Any CPU.Build.0 = Release|Any CPU
		{F23C9290-F505-474D-86D3-EF0754A2263D}.Debug|Any CPU.ActiveCfg = Debug|Any CPU
		{F23C9290-F505-474D-86D3-EF0754A2263D}.Debug|Any CPU.Build.0 = Debug|Any CPU
		{F23C9290-F505-474D-86D3-EF0754A2263D}.Release|Any CPU.ActiveCfg = Release|Any CPU
		{F23C9290-F505-474D-86D3-EF0754A2263D}.Release|Any CPU.Build.0 = Release|Any CPU
		{B82D1ACD-0286-4C99-94CF-9DFEF4E53926}.Debug|Any CPU.ActiveCfg = Debug|Any CPU
		{B82D1ACD-0286-4C99-94CF-9DFEF4E53926}.Debug|Any CPU.Build.0 = Debug|Any CPU
		{B82D1ACD-0286-4C99-94CF-9DFEF4E53926}.Release|Any CPU.ActiveCfg = Release|Any CPU
		{B82D1ACD-0286-4C99-94CF-9DFEF4E53926}.Release|Any CPU.Build.0 = Release|Any CPU
	EndGlobalSection
	GlobalSection(SolutionProperties) = preSolution
		HideSolutionNode = FALSE
	EndGlobalSection
	GlobalSection(NestedProjects) = preSolution
		{B6980F18-6D69-42AC-9C4C-D0ECA7993C98} = {ABAE2B89-5AB2-40AB-ADAE-A1897EF1C2FD}
		{EF6E0E3A-1F30-4CDC-9310-3EC120617F69} = {ABAE2B89-5AB2-40AB-ADAE-A1897EF1C2FD}
		{8754AF33-CC8A-4C00-BD22-7F0DE39CDE2D} = {ABAE2B89-5AB2-40AB-ADAE-A1897EF1C2FD}
		{D9F4F25F-3E60-494E-9523-352FDBF7CE19} = {ABAE2B89-5AB2-40AB-ADAE-A1897EF1C2FD}
		{00F92555-4826-4144-8D7F-0572086532B5} = {ABAE2B89-5AB2-40AB-ADAE-A1897EF1C2FD}
		{E71A3E60-290C-49DA-B3E7-95147483338F} = {F639B05A-A657-41B9-AB7B-DBF4AA365BEE}
		{62B459AC-64B1-43B1-9926-4C47D933D843} = {F639B05A-A657-41B9-AB7B-DBF4AA365BEE}
		{4D104F16-00CA-49B8-86AF-B058ED0C2D01} = {F639B05A-A657-41B9-AB7B-DBF4AA365BEE}
		{14AE6139-CD05-4707-81AF-1CF1051B0DCB} = {F639B05A-A657-41B9-AB7B-DBF4AA365BEE}
		{C0F2B05B-A10C-4EA5-B10A-A4A056D8FB41} = {F639B05A-A657-41B9-AB7B-DBF4AA365BEE}
		{08079BA8-7DB5-4917-A9EF-6AB0BBCD3309} = {51D6FCCD-632E-4D18-948A-4B3069F43BBF}
		{5D7B2492-D74A-4A4A-B5B1-764B77CDB85E} = {51D6FCCD-632E-4D18-948A-4B3069F43BBF}
		{A197B12F-F586-4D87-BC6A-9A8EF21F36FF} = {51D6FCCD-632E-4D18-948A-4B3069F43BBF}
		{4208EFA4-9850-4009-A977-34D9DF86F698} = {51D6FCCD-632E-4D18-948A-4B3069F43BBF}
		{87A34F24-BC6A-4BB0-BF94-120A7A6C4730} = {DA328E82-6F34-411F-95CA-9CA57FE2BA7D}
		{7F73A4E0-14DC-4F5C-BFFF-CF9728DE58A4} = {DA328E82-6F34-411F-95CA-9CA57FE2BA7D}
		{123D4B77-671D-40D3-A8A7-DB6C5A2371ED} = {DA328E82-6F34-411F-95CA-9CA57FE2BA7D}
		{F23C9290-F505-474D-86D3-EF0754A2263D} = {DA328E82-6F34-411F-95CA-9CA57FE2BA7D}
		{B82D1ACD-0286-4C99-94CF-9DFEF4E53926} = {331C9460-3FAA-4343-BC71-7AF425597E7A}
	EndGlobalSection
	GlobalSection(ExtensibilityGlobals) = postSolution
		SolutionGuid = {928523A7-89CA-4958-ACC4-94203F8F757B}
	EndGlobalSection
EndGlobal
